<?xml version="1.0" encoding="UTF-8" standalone="yes" ?>
<CodeBlocks_project_file>
	<FileVersion major="1" minor="6" />
	<Project>
		<Option title="VoxelZ" />
		<Option pch_mode="2" />
		<Option compiler="gcc" />
		<Option virtualFolders="Source\;Include\;Include\Game\;Include\Physics\;Include\Voxel\;Source\Game\;Source\Physics\;Source\Voxel\;Resources\;Include\Game\Particles\;Include\Game\Particles\Affectors\;Include\Game\Entities\;Source\Game\Particles\;Source\Game\Particles\Affectors\;Source\Game\Entities\;Include\Applications\;Source\Applications\;" />
		<Build>
			<Target title="Debug">
				<Option output="../../../../bin/Debug/VoxelZ" prefix_auto="1" extension_auto="1" />
				<Option working_dir="../../../../bin/Debug" />
				<Option object_output="../../../../bin/obj/Debug/" />
				<Option type="1" />
				<Option compiler="gcc" />
				<Option projectLinkerOptionsRelation="2" />
				<Compiler>
					<Add option="-g" />
					<Add directory="src/engine/application" />
					<Add directory="src/applications/voxelz" />
					<Add directory="src/applications/voxelz/game" />
					<Add directory="src/applications/voxelz/Voxel" />
					<Add directory="src/applications/voxelz/physics" />
				</Compiler>
				<Linker>
					<Add library="engined" />
					<Add library="boost_system-mgw49-mt-1_56" />
					<Add library="ccd" />
					<Add directory="../../../../libs/windows" />
				</Linker>
			</Target>
			<Target title="Release">
				<Option output="../../../../bin/Release/VoxelZ" prefix_auto="1" extension_auto="1" />
				<Option working_dir="../../../../bin/Release/" />
				<Option object_output="../../../../bin/obj/Release/" />
				<Option type="1" />
				<Option compiler="gcc" />
				<Option projectLinkerOptionsRelation="2" />
				<Compiler>
					<Add option="-O3" />
					<Add directory="src/engine/application" />
					<Add directory="src/applications/voxelz" />
					<Add directory="src/applications/voxelz/game" />
					<Add directory="src/applications/voxelz/Voxel" />
					<Add directory="src/applications/voxelz/physics" />
				</Compiler>
				<Linker>
					<Add option="-s" />
					<Add library="engine" />
					<Add library="boost_system-mgw49-mt-1_56" />
					<Add library="libccd.a" />
					<Add directory="../../../../libs/windows" />
				</Linker>
			</Target>
			<Target title="Debug Linux">
				<Option output="../../../../bin/DebugLinux/VoxelZ" prefix_auto="1" extension_auto="1" />
				<Option working_dir="../../../../bin/DebugLinux" />
				<Option object_output="../../../../bin/obj/DebugLinux/" />
				<Option type="1" />
				<Option compiler="gcc" />
				<Option projectLinkerOptionsRelation="2" />
				<Compiler>
					<Add option="-g" />
					<Add directory="src/engine/application" />
					<Add directory="src/applications/voxelz" />
					<Add directory="src/applications/voxelz/game" />
					<Add directory="src/applications/voxelz/Voxel" />
					<Add directory="src/applications/voxelz/physics" />
				</Compiler>
				<Linker>
					<Add library="engined" />
					<Add library="libglfw3" />
					<Add library="X11" />
					<Add library="GL" />
					<Add library="GLU" />
					<Add library="Xrandr" />
					<Add library="Xcursor" />
					<Add library="Xxf86vm" />
					<Add library="Xi" />
					<Add library="dl" />
					<Add library="pthread" />
					<Add library="glxw_glx" />
					<Add library="glxw" />
					<Add library="libfreetype.a" />
					<Add library="libsigc++.a" />
					<Add library="physfs" />
					<Add library="z" />
					<Add library="tinyxml2_lib" />
					<Add library="stb_image_lib" />
					<Add library="boost_system" />
					<Add library="BulletDynamics" />
					<Add library="BulletCollision" />
					<Add library="LinearMath" />
					<Add directory="../../../../libs/linux" />
				</Linker>
			</Target>
			<Target title="Release Linux">
				<Option output="../../../../bin/ReleaseLinux/VoxelZ" prefix_auto="1" extension_auto="1" />
				<Option working_dir="../../../../bin/ReleaseLinux" />
				<Option object_output="../../../../bin/obj/ReleaseLinux/" />
				<Option type="1" />
				<Option compiler="gcc" />
				<Option projectLinkerOptionsRelation="2" />
				<Compiler>
					<Add option="-O3" />
					<Add directory="src/engine/application" />
					<Add directory="src/applications/voxelz" />
					<Add directory="src/applications/voxelz/game" />
					<Add directory="src/applications/voxelz/Voxel" />
					<Add directory="src/applications/voxelz/physics" />
				</Compiler>
				<Linker>
					<Add option="-s" />
					<Add library="engine" />
					<Add library="libglfw3" />
					<Add library="X11" />
					<Add library="GL" />
					<Add library="GLU" />
					<Add library="Xrandr" />
					<Add library="Xcursor" />
					<Add library="Xxf86vm" />
					<Add library="Xi" />
					<Add library="dl" />
					<Add library="pthread" />
					<Add library="glxw_glx" />
					<Add library="glxw" />
					<Add library="libfreetype.a" />
					<Add library="libsigc++.a" />
					<Add library="physfs" />
					<Add library="z" />
					<Add library="tinyxml2_lib" />
					<Add library="stb_image_lib" />
					<Add library="boost_system" />
					<Add library="BulletDynamics" />
					<Add library="BulletCollision" />
					<Add library="LinearMath" />
					<Add directory="../../../../libs/linux" />
				</Linker>
			</Target>
		</Build>
		<Compiler>
			<Add option="-std=c++11" />
			<Add directory="../../../../src/engine" />
			<Add directory="../../../../src/applications/voxelz" />
			<Add directory="../../../../libs/boost" />
			<Add directory="../../../../libs/freetype2/include" />
			<Add directory="../../../../libs/glfw/include" />
			<Add directory="../../../../libs/glm" />
			<Add directory="../../../../libs/glxw/include" />
			<Add directory="../../../../libs/jsoncpp/include" />
			<Add directory="../../../../libs/libsigc++" />
			<Add directory="../../../../libs/physfs" />
			<Add directory="../../../../libs/stb_image" />
			<Add directory="../../../../libs/tinyxml2/src" />
			<Add directory="../../../../libs/bullet/src" />
			<Add directory="../../../../libs/libccd/src" />
		</Compiler>
		<ResourceCompiler>
			<Add directory="../../../../res" />
		</ResourceCompiler>
		<Unit filename="../../../../src/applications/voxelz/CollisionTestApp.cpp">
			<Option virtualFolder="Source/Applications/" />
		</Unit>
		<Unit filename="../../../../src/applications/voxelz/CollisionTestApp.h">
			<Option virtualFolder="Include/Applications/" />
		</Unit>
		<Unit filename="../../../../src/applications/voxelz/TemplateApp.cpp">
			<Option virtualFolder="Source/Applications/" />
		</Unit>
		<Unit filename="../../../../src/applications/voxelz/TemplateApp.h">
			<Option virtualFolder="Include/Applications/" />
		</Unit>
		<Unit filename="../../../../src/applications/voxelz/VoxMeshEditorApp.cpp">
			<Option virtualFolder="Source/Applications/" />
		</Unit>
		<Unit filename="../../../../src/applications/voxelz/VoxMeshEditorApp.h">
			<Option virtualFolder="Include/Applications/" />
		</Unit>
		<Unit filename="../../../../src/applications/voxelz/VoxMeshGrid.h">
			<Option virtualFolder="Include/Voxel/" />
		</Unit>
		<Unit filename="../../../../src/applications/voxelz/VoxelzApp.cpp">
			<Option virtualFolder="Source/Applications/" />
		</Unit>
		<Unit filename="../../../../src/applications/voxelz/VoxelzApp.h">
			<Option virtualFolder="Include/Applications/" />
		</Unit>
		<Unit filename="../../../../src/applications/voxelz/VoxelzProfilingApp.cpp">
			<Option virtualFolder="Source/Applications/" />
		</Unit>
		<Unit filename="../../../../src/applications/voxelz/VoxelzProfilingApp.h">
			<Option virtualFolder="Include/Applications/" />
		</Unit>
		<Unit filename="../../../../src/applications/voxelz/game/AttractFocusAffector.cpp">
			<Option virtualFolder="Source/Game/Particles/Affectors/" />
		</Unit>
		<Unit filename="../../../../src/applications/voxelz/game/AttractFocusAffector.h">
			<Option virtualFolder="Include/Game/Particles/Affectors/" />
		</Unit>
		<Unit filename="../../../../src/applications/voxelz/game/Entity.cpp">
			<Option virtualFolder="Source/Game/Entities/" />
		</Unit>
		<Unit filename="../../../../src/applications/voxelz/game/Entity.h">
			<Option virtualFolder="Include/Game/Entities/" />
		</Unit>
		<Unit filename="../../../../src/applications/voxelz/game/GravityAffector.cpp">
			<Option virtualFolder="Source/Game/Particles/Affectors/" />
		</Unit>
		<Unit filename="../../../../src/applications/voxelz/game/GravityAffector.h">
			<Option virtualFolder="Include/Game/Particles/Affectors/" />
		</Unit>
		<Unit filename="../../../../src/applications/voxelz/game/IParticleAffector.h">
			<Option virtualFolder="Include/Game/Particles/Affectors/" />
		</Unit>
		<Unit filename="../../../../src/applications/voxelz/game/ItemEntity.cpp">
			<Option virtualFolder="Source/Game/Entities/" />
		</Unit>
		<Unit filename="../../../../src/applications/voxelz/game/ItemEntity.h">
			<Option virtualFolder="Include/Game/Entities/" />
		</Unit>
		<Unit filename="../../../../src/applications/voxelz/game/Particle.h">
			<Option virtualFolder="Include/Game/Particles/" />
		</Unit>
		<Unit filename="../../../../src/applications/voxelz/game/ParticleEmitter.cpp">
			<Option virtualFolder="Source/Game/Particles/" />
		</Unit>
		<Unit filename="../../../../src/applications/voxelz/game/ParticleEmitter.h">
			<Option virtualFolder="Include/Game/Particles/" />
		</Unit>
		<Unit filename="../../../../src/applications/voxelz/game/ParticleSystem.cpp">
			<Option virtualFolder="Source/Game/Particles/" />
		</Unit>
		<Unit filename="../../../../src/applications/voxelz/game/ParticleSystem.h">
			<Option virtualFolder="Include/Game/Particles/" />
		</Unit>
		<Unit filename="../../../../src/applications/voxelz/game/Player.cpp">
			<Option virtualFolder="Source/Game/Entities/" />
		</Unit>
		<Unit filename="../../../../src/applications/voxelz/game/Player.h">
			<Option virtualFolder="Include/Game/Entities/" />
		</Unit>
		<Unit filename="../../../../src/applications/voxelz/game/WindParticleAffector.cpp">
			<Option virtualFolder="Source/Game/Particles/Affectors/" />
		</Unit>
		<Unit filename="../../../../src/applications/voxelz/game/WindParticleAffector.h">
			<Option virtualFolder="Include/Game/Particles/Affectors/" />
		</Unit>
		<Unit filename="../../../../src/applications/voxelz/main.cpp">
			<Option virtualFolder="Source/" />
		</Unit>
		<Unit filename="../../../../src/applications/voxelz/physics/CollisionObject.cpp">
			<Option virtualFolder="Source/Physics/" />
		</Unit>
		<Unit filename="../../../../src/applications/voxelz/physics/CollisionObject.h">
			<Option virtualFolder="Include/Physics/" />
		</Unit>
		<Unit filename="../../../../src/applications/voxelz/resources.rc">
			<Option compilerVar="WINDRES" />
			<Option virtualFolder="Resources/" />
		</Unit>
		<Unit filename="../../../../src/applications/voxelz/voxel/Block.h">
			<Option virtualFolder="Include/Voxel/" />
		</Unit>
		<Unit filename="../../../../src/applications/voxelz/voxel/Chunk.cpp">
			<Option virtualFolder="Source/Voxel/" />
		</Unit>
		<Unit filename="../../../../src/applications/voxelz/voxel/Chunk.h">
			<Option virtualFolder="Include/Voxel/" />
		</Unit>
		<Unit filename="../../../../src/applications/voxelz/voxel/ChunkManager.cpp">
			<Option virtualFolder="Source/Voxel/" />
		</Unit>
		<Unit filename="../../../../src/applications/voxelz/voxel/ChunkManager.h">
			<Option virtualFolder="Include/Voxel/" />
		</Unit>
		<Unit filename="../../../../src/applications/voxelz/voxel/GreedyMeshBuilder.cpp">
			<Option virtualFolder="Source/Voxel/" />
		</Unit>
		<Unit filename="../../../../src/applications/voxelz/voxel/GreedyMeshBuilder.h">
			<Option virtualFolder="Include/Voxel/" />
		</Unit>
		<Unit filename="../../../../src/applications/voxelz/voxel/SimplexNoise.cpp">
			<Option virtualFolder="Source/Voxel/" />
		</Unit>
		<Unit filename="../../../../src/applications/voxelz/voxel/SimplexNoise.h">
			<Option virtualFolder="Include/Voxel/" />
		</Unit>
		<Unit filename="../../../../src/applications/voxelz/voxel/SuperChunk.cpp">
			<Option virtualFolder="Source/Voxel/" />
		</Unit>
		<Unit filename="../../../../src/applications/voxelz/voxel/SuperChunk.h">
			<Option virtualFolder="Include/Voxel/" />
		</Unit>
		<Unit filename="../../../../src/applications/voxelz/voxel/Voxel.h">
			<Option virtualFolder="Include/Voxel/" />
		</Unit>
		<Unit filename="../../../../src/applications/voxelz/voxel/VoxelMesh.cpp">
			<Option virtualFolder="Source/Voxel/" />
		</Unit>
		<Unit filename="../../../../src/applications/voxelz/voxel/VoxelMesh.h">
			<Option virtualFolder="Include/Voxel/" />
		</Unit>
		<Unit filename="../../../../src/applications/voxelz/voxel/VoxelSprite.cpp">
			<Option virtualFolder="Source/Voxel/" />
		</Unit>
		<Unit filename="../../../../src/applications/voxelz/voxel/VoxelSprite.h">
			<Option virtualFolder="Include/Voxel/" />
		</Unit>
		<Unit filename="../../../../src/applications/voxelz/voxel/VoxelTypes.cpp">
			<Option virtualFolder="Source/Voxel/" />
		</Unit>
		<Unit filename="../../../../src/applications/voxelz/voxel/VoxelTypes.h">
			<Option virtualFolder="Include/Voxel/" />
		</Unit>
		<Unit filename="../../../../src/applications/voxelz/voxel/WorldGenerator.cpp">
			<Option virtualFolder="Source/Voxel/" />
		</Unit>
		<Unit filename="../../../../src/applications/voxelz/voxel/WorldGenerator.h">
			<Option virtualFolder="Include/Voxel/" />
		</Unit>
		<Extensions>
			<code_completion />
			<envvars />
			<debugger />
			<lib_finder disable_auto="1" />
		</Extensions>
	</Project>
</CodeBlocks_project_file>
